
Microsoft Visual Studio Solution File, Format Version 12.00
# Visual Studio Version 17
VisualStudioVersion = 17.11.35312.102
MinimumVisualStudioVersion = 10.0.40219.1
Project("{FAE04EC0-301F-11D3-BF4B-00C04F79EFBC}") = "web-jobs-security", "web-jobs-security\web-jobs-security.csproj", "{65A836E9-1A2C-44C4-B30B-DA31AD330597}"
EndProject
Global
	GlobalSection(SolutionConfigurationPlatforms) = preSolution
		Debug|Any CPU = Debug|Any CPU
		Release|Any CPU = Release|Any CPU
	EndGlobalSection
	GlobalSection(ProjectConfigurationPlatforms) = postSolution
		{65A836E9-1A2C-44C4-B30B-DA31AD330597}.Debug|Any CPU.ActiveCfg = Debug|Any CPU
		{65A836E9-1A2C-44C4-B30B-DA31AD330597}.Debug|Any CPU.Build.0 = Debug|Any CPU
		{65A836E9-1A2C-44C4-B30B-DA31AD330597}.Release|Any CPU.ActiveCfg = Release|Any CPU
		{65A836E9-1A2C-44C4-B30B-DA31AD330597}.Release|Any CPU.Build.0 = Release|Any CPU
	EndGlobalSection
	GlobalSection(SolutionProperties) = preSolution
		HideSolutionNode = FALSE
	EndGlobalSection
	GlobalSection(ExtensibilityGlobals) = postSolution
		SolutionGuid = {3365CBCB-B55F-4C85-9EF6-7CA90F49A8C7}
	EndGlobalSection
EndGlobal
